
Microsoft Visual Studio Solution File, Format Version 12.00
# Visual Studio Version 17
VisualStudioVersion = 17.1.32228.430
MinimumVisualStudioVersion = 10.0.40219.1
Project("{FAE04EC0-301F-11D3-BF4B-00C04F79EFBC}") = "UsbTest", "UsbTest\UsbTest.csproj", "{B41F645E-8CD0-4323-84E8-543ED37D1754}"
EndProject
Global
	GlobalSection(SolutionConfigurationPlatforms) = preSolution
		Debug|Any CPU = Debug|Any CPU
		Release|Any CPU = Release|Any CPU
	EndGlobalSection
	GlobalSection(ProjectConfigurationPlatforms) = postSolution
		{B41F645E-8CD0-4323-84E8-543ED37D1754}.Debug|Any CPU.ActiveCfg = Debug|Any CPU
		{B41F645E-8CD0-4323-84E8-543ED37D1754}.Debug|Any CPU.Build.0 = Debug|Any CPU
		{B41F645E-8CD0-4323-84E8-543ED37D1754}.Release|Any CPU.ActiveCfg = Release|Any CPU
		{B41F645E-8CD0-4323-84E8-543ED37D1754}.Release|Any CPU.Build.0 = Release|Any CPU
	EndGlobalSection
	GlobalSection(SolutionProperties) = preSolution
		HideSolutionNode = FALSE
	EndGlobalSection
	GlobalSection(ExtensibilityGlobals) = postSolution
		SolutionGuid = {A0971895-F420-4620-973E-41EA75C2D31C}
	EndGlobalSection
EndGlobal
